
Microsoft Visual Studio Solution File, Format Version 12.00
# Visual Studio Version 17
VisualStudioVersion = 17.4.33205.214
MinimumVisualStudioVersion = 10.0.40219.1
Project("{FAE04EC0-301F-11D3-BF4B-00C04F79EFBC}") = "Generic type, Collections", "Generic type, Collections\Generic type, Collections.csproj", "{B59ABFFE-B2A2-4012-A735-2637B46DE7DC}"
EndProject
Global
	GlobalSection(SolutionConfigurationPlatforms) = preSolution
		Debug|Any CPU = Debug|Any CPU
		Release|Any CPU = Release|Any CPU
	EndGlobalSection
	GlobalSection(ProjectConfigurationPlatforms) = postSolution
		{B59ABFFE-B2A2-4012-A735-2637B46DE7DC}.Debug|Any CPU.ActiveCfg = Debug|Any CPU
		{B59ABFFE-B2A2-4012-A735-2637B46DE7DC}.Debug|Any CPU.Build.0 = Debug|Any CPU
		{B59ABFFE-B2A2-4012-A735-2637B46DE7DC}.Release|Any CPU.ActiveCfg = Release|Any CPU
		{B59ABFFE-B2A2-4012-A735-2637B46DE7DC}.Release|Any CPU.Build.0 = Release|Any CPU
	EndGlobalSection
	GlobalSection(SolutionProperties) = preSolution
		HideSolutionNode = FALSE
	EndGlobalSection
	GlobalSection(ExtensibilityGlobals) = postSolution
		SolutionGuid = {C80C3DB5-2ECE-41AF-B6E2-839A48410C0B}
	EndGlobalSection
EndGlobal
